
Microsoft Visual Studio Solution File, Format Version 12.00
# Visual Studio Version 17
VisualStudioVersion = 17.2.32616.157
MinimumVisualStudioVersion = 10.0.40219.1
Project("{FAE04EC0-301F-11D3-BF4B-00C04F79EFBC}") = "Metata", "Metata\Metata.csproj", "{8372DECB-4CAA-4B23-B5C4-9FC2C9EE7228}"
EndProject
Global
	GlobalSection(SolutionConfigurationPlatforms) = preSolution
		Debug|Any CPU = Debug|Any CPU
		Release|Any CPU = Release|Any CPU
	EndGlobalSection
	GlobalSection(ProjectConfigurationPlatforms) = postSolution
		{8372DECB-4CAA-4B23-B5C4-9FC2C9EE7228}.Debug|Any CPU.ActiveCfg = Debug|Any CPU
		{8372DECB-4CAA-4B23-B5C4-9FC2C9EE7228}.Debug|Any CPU.Build.0 = Debug|Any CPU
		{8372DECB-4CAA-4B23-B5C4-9FC2C9EE7228}.Release|Any CPU.ActiveCfg = Release|Any CPU
		{8372DECB-4CAA-4B23-B5C4-9FC2C9EE7228}.Release|Any CPU.Build.0 = Release|Any CPU
	EndGlobalSection
	GlobalSection(SolutionProperties) = preSolution
		HideSolutionNode = FALSE
	EndGlobalSection
	GlobalSection(ExtensibilityGlobals) = postSolution
		SolutionGuid = {E1F5D599-2EC5-4EB3-A089-CAE8DDBBA8A8}
	EndGlobalSection
EndGlobal
