
Microsoft Visual Studio Solution File, Format Version 12.00
# Visual Studio Version 17
VisualStudioVersion = 17.2.32616.157
MinimumVisualStudioVersion = 10.0.40219.1
Project("{FAE04EC0-301F-11D3-BF4B-00C04F79EFBC}") = "Metata", "Metata\Metata.csproj", "{461CB8AD-A37E-42C0-A198-4241AA48ACDA}"
EndProject
Global
	GlobalSection(SolutionConfigurationPlatforms) = preSolution
		Debug|Any CPU = Debug|Any CPU
		Release|Any CPU = Release|Any CPU
	EndGlobalSection
	GlobalSection(ProjectConfigurationPlatforms) = postSolution
		{461CB8AD-A37E-42C0-A198-4241AA48ACDA}.Debug|Any CPU.ActiveCfg = Debug|Any CPU
		{461CB8AD-A37E-42C0-A198-4241AA48ACDA}.Debug|Any CPU.Build.0 = Debug|Any CPU
		{461CB8AD-A37E-42C0-A198-4241AA48ACDA}.Release|Any CPU.ActiveCfg = Release|Any CPU
		{461CB8AD-A37E-42C0-A198-4241AA48ACDA}.Release|Any CPU.Build.0 = Release|Any CPU
	EndGlobalSection
	GlobalSection(SolutionProperties) = preSolution
		HideSolutionNode = FALSE
	EndGlobalSection
	GlobalSection(ExtensibilityGlobals) = postSolution
		SolutionGuid = {3405CE3C-BC5A-4563-BEA0-3BB50FB12472}
	EndGlobalSection
EndGlobal
